<?xml version="1.0" encoding="utf-8"?>
<Project xmlns="http://schemas.microsoft.com/developer/msbuild/2003">
  <PropertyGroup>
    <ProjectGuid>{8e29cf83-1226-48e1-af97-0dce73fa8ccc}</ProjectGuid>
    <Configuration Condition=" '$(Configuration)' == '' ">Debug</Configuration>
    <Platform Condition=" '$(Platform)' == '' ">AnyCPU</Platform>
    <DCC_DCCCompiler>DCC32</DCC_DCCCompiler>
    <DCC_DependencyCheckOutputName>EcoSystem.exe</DCC_DependencyCheckOutputName>
    <MainSource>EcoSystem.dpr</MainSource>
  </PropertyGroup>
  <PropertyGroup Condition=" '$(Configuration)|$(Platform)' == 'Release|AnyCPU' ">
    <Version>7.0</Version>
    <DCC_DebugInformation>False</DCC_DebugInformation>
    <DCC_LocalDebugSymbols>False</DCC_LocalDebugSymbols>
    <DCC_SymbolReferenceInfo>0</DCC_SymbolReferenceInfo>
    <DCC_Define>RELEASE</DCC_Define>
  </PropertyGroup>
  <PropertyGroup Condition=" '$(Configuration)|$(Platform)' == 'Debug|AnyCPU' ">
    <Version>7.0</Version>
    <DCC_Define>DEBUG</DCC_Define>
    <DCC_DcuOutput>D:\Git\EcoSystem\dcu</DCC_DcuOutput>
    <DCC_ObjOutput>D:\Git\EcoSystem\dcu</DCC_ObjOutput>
    <DCC_HppOutput>D:\Git\EcoSystem\dcu</DCC_HppOutput>
  </PropertyGroup>
  <ProjectExtensions>
    <Borland.Personality>Delphi.Personality</Borland.Personality>
    <Borland.ProjectType />
    <BorlandProject>
<BorlandProject><Delphi.Personality><Parameters><Parameters Name="UseLauncher">False</Parameters><Parameters Name="LoadAllSymbols">True</Parameters><Parameters Name="LoadUnspecifiedSymbols">False</Parameters></Parameters><VersionInfo><VersionInfo Name="IncludeVerInfo">True</VersionInfo><VersionInfo Name="AutoIncBuild">True</VersionInfo><VersionInfo Name="MajorVer">0</VersionInfo><VersionInfo Name="MinorVer">1</VersionInfo><VersionInfo Name="Release">0</VersionInfo><VersionInfo Name="Build">7</VersionInfo><VersionInfo Name="Debug">False</VersionInfo><VersionInfo Name="PreRelease">False</VersionInfo><VersionInfo Name="Special">False</VersionInfo><VersionInfo Name="Private">False</VersionInfo><VersionInfo Name="DLL">False</VersionInfo><VersionInfo Name="Locale">1046</VersionInfo><VersionInfo Name="CodePage">1252</VersionInfo></VersionInfo><VersionInfoKeys><VersionInfoKeys Name="CompanyName">Multidev Sistemas</VersionInfoKeys><VersionInfoKeys Name="FileDescription"></VersionInfoKeys><VersionInfoKeys Name="FileVersion">0.1.0.7</VersionInfoKeys><VersionInfoKeys Name="InternalName">EcoSystem</VersionInfoKeys><VersionInfoKeys Name="LegalCopyright"></VersionInfoKeys><VersionInfoKeys Name="LegalTrademarks"></VersionInfoKeys><VersionInfoKeys Name="OriginalFilename"></VersionInfoKeys><VersionInfoKeys Name="ProductName">EcoSystem</VersionInfoKeys><VersionInfoKeys Name="ProductVersion">1.0.0.0</VersionInfoKeys><VersionInfoKeys Name="Comments">Gerenciamento Ambiental</VersionInfoKeys></VersionInfoKeys><Source><Source Name="MainSource">EcoSystem.dpr</Source></Source></Delphi.Personality></BorlandProject></BorlandProject>
  </ProjectExtensions>
  <Import Project="$(MSBuildBinPath)\Borland.Delphi.Targets" />
  <ItemGroup>
    <DelphiCompile Include="EcoSystem.dpr">
      <MainSource>MainSource</MainSource>
    </DelphiCompile>
    <DCCReference Include="abstratos\unt_cad_abstrato.pas">
      <Form>frm_cad_abstrato</Form>
    </DCCReference>
    <DCCReference Include="abstratos\unt_cad_abstrato_mestre_detalhe.pas">
      <Form>frm_cad_abstrato_mestre_detalhe</Form>
    </DCCReference>
    <DCCReference Include="abstratos\unt_lista_abstrato.pas">
      <Form>frm_lista_abstrato</Form>
    </DCCReference>
    <DCCReference Include="abstratos\unt_lista_toolbar_abstrato.pas">
      <Form>frm_lista_toolbar_abstrato</Form>
    </DCCReference>
    <DCCReference Include="classes\unt_classe_endereco.pas" />
    <DCCReference Include="unt_atividade.pas">
      <Form>frm_atividade</Form>
    </DCCReference>
    <DCCReference Include="unt_cliente.pas">
      <Form>frm_cliente</Form>
    </DCCReference>
    <DCCReference Include="unt_cliente_atividade.pas">
      <Form>frm_cliente_atividade</Form>
    </DCCReference>
    <DCCReference Include="unt_dtm_dados.pas">
      <Form>dtm_dados</Form>
      <DesignClass>TDataModule</DesignClass>
    </DCCReference>
    <DCCReference Include="unt_dtm_geral.pas">
      <Form>dtm_geral</Form>
      <DesignClass>TDataModule</DesignClass>
    </DCCReference>
    <DCCReference Include="unt_dtm_images.pas">
      <Form>dtm_images</Form>
      <DesignClass>TDataModule</DesignClass>
    </DCCReference>
    <DCCReference Include="unt_licenca.pas">
      <Form>frm_licenca</Form>
    </DCCReference>
    <DCCReference Include="unt_municipio.pas">
      <Form>frm_municipio</Form>
    </DCCReference>
    <DCCReference Include="unt_orgao_ambiental.pas">
      <Form>frm_orgao_ambiental</Form>
    </DCCReference>
    <DCCReference Include="unt_principal.pas">
      <Form>frm_principal</Form>
    </DCCReference>
    <DCCReference Include="unt_progresso.pas">
      <Form>frm_progresso</Form>
    </DCCReference>
    <DCCReference Include="unt_senha.pas">
      <Form>frm_senha</Form>
    </DCCReference>
    <DCCReference Include="unt_tipo_licenca.pas">
      <Form>frm_tipo_licenca</Form>
    </DCCReference>
    <DCCReference Include="unt_uf.pas">
      <Form>frm_uf</Form>
    </DCCReference>
    <DCCReference Include="unt_usuario.pas">
      <Form>frm_usuario</Form>
    </DCCReference>
    <DCCReference Include="utils\unt_constantes.pas" />
    <DCCReference Include="utils\unt_functions.pas" />
    <DCCReference Include="utils\unt_func_messages.pas" />
    <DCCReference Include="utils\unt_input_inteiro.pas">
      <Form>frm_input_inteiro</Form>
    </DCCReference>
    <DCCReference Include="utils\unt_integracao.pas" />
    <DCCReference Include="utils\unt_mensagem.pas">
      <Form>frm_mensagem</Form>
    </DCCReference>
    <DCCReference Include="utils\unt_pesquisa.pas">
      <Form>frm_pesquisa</Form>
    </DCCReference>
    <DCCReference Include="utils\unt_procedures.pas" />
    <DCCReference Include="utils\unt_proc_abrir_telas.pas" />
  </ItemGroup>
</Project>